
Microsoft Visual Studio Solution File, Format Version 12.00
# Visual Studio Version 17
VisualStudioVersion = 17.9.34728.123
MinimumVisualStudioVersion = 10.0.40219.1
Project("{9A19103F-16F7-4668-BE54-9A1E7A4F7556}") = "CVRegistrationPortal", "CVRegistrationPortal\CVRegistrationPortal.csproj", "{358FFDB9-3DA5-4D6A-9EA2-C106DB1F863A}"
EndProject
Project("{FAE04EC0-301F-11D3-BF4B-00C04F79EFBC}") = "StorageBucket", "StorageBucket\StorageBucket.csproj", "{BA868ACF-13C4-403B-B72A-3CECACA1F553}"
EndProject
Project("{FAE04EC0-301F-11D3-BF4B-00C04F79EFBC}") = "Utilities", "Utilities\Utilities.csproj", "{A730B6E1-9B17-4A42-AA44-2FF1850FFAB6}"
EndProject
Global
	GlobalSection(SolutionConfigurationPlatforms) = preSolution
		Debug|Any CPU = Debug|Any CPU
		Release|Any CPU = Release|Any CPU
	EndGlobalSection
	GlobalSection(ProjectConfigurationPlatforms) = postSolution
		{358FFDB9-3DA5-4D6A-9EA2-C106DB1F863A}.Debug|Any CPU.ActiveCfg = Debug|Any CPU
		{358FFDB9-3DA5-4D6A-9EA2-C106DB1F863A}.Debug|Any CPU.Build.0 = Debug|Any CPU
		{358FFDB9-3DA5-4D6A-9EA2-C106DB1F863A}.Release|Any CPU.ActiveCfg = Release|Any CPU
		{358FFDB9-3DA5-4D6A-9EA2-C106DB1F863A}.Release|Any CPU.Build.0 = Release|Any CPU
		{BA868ACF-13C4-403B-B72A-3CECACA1F553}.Debug|Any CPU.ActiveCfg = Debug|Any CPU
		{BA868ACF-13C4-403B-B72A-3CECACA1F553}.Debug|Any CPU.Build.0 = Debug|Any CPU
		{BA868ACF-13C4-403B-B72A-3CECACA1F553}.Release|Any CPU.ActiveCfg = Release|Any CPU
		{BA868ACF-13C4-403B-B72A-3CECACA1F553}.Release|Any CPU.Build.0 = Release|Any CPU
		{A730B6E1-9B17-4A42-AA44-2FF1850FFAB6}.Debug|Any CPU.ActiveCfg = Debug|Any CPU
		{A730B6E1-9B17-4A42-AA44-2FF1850FFAB6}.Debug|Any CPU.Build.0 = Debug|Any CPU
		{A730B6E1-9B17-4A42-AA44-2FF1850FFAB6}.Release|Any CPU.ActiveCfg = Release|Any CPU
		{A730B6E1-9B17-4A42-AA44-2FF1850FFAB6}.Release|Any CPU.Build.0 = Release|Any CPU
	EndGlobalSection
	GlobalSection(SolutionProperties) = preSolution
		HideSolutionNode = FALSE
	EndGlobalSection
	GlobalSection(ExtensibilityGlobals) = postSolution
		SolutionGuid = {92C78B1B-F6F7-45E8-8B0D-D4A63A3F2A5D}
	EndGlobalSection
EndGlobal
